
Microsoft Visual Studio Solution File, Format Version 12.00
# Visual Studio Version 17
VisualStudioVersion = 17.7.34018.315
MinimumVisualStudioVersion = 10.0.40219.1
Project("{9A19103F-16F7-4668-BE54-9A1E7A4F7556}") = "Board", "Board.csproj", "{AC56CF6D-BE2E-44CA-9090-69AE9D8E3C84}"
EndProject
Project("{9A19103F-16F7-4668-BE54-9A1E7A4F7556}") = "BoardAPI", "..\BoardAPI\BoardAPI.csproj", "{3C5C8522-E982-4B47-8DE9-71726EB3B671}"
EndProject
Global
	GlobalSection(SolutionConfigurationPlatforms) = preSolution
		Debug|Any CPU = Debug|Any CPU
		Release|Any CPU = Release|Any CPU
	EndGlobalSection
	GlobalSection(ProjectConfigurationPlatforms) = postSolution
		{AC56CF6D-BE2E-44CA-9090-69AE9D8E3C84}.Debug|Any CPU.ActiveCfg = Debug|Any CPU
		{AC56CF6D-BE2E-44CA-9090-69AE9D8E3C84}.Debug|Any CPU.Build.0 = Debug|Any CPU
		{AC56CF6D-BE2E-44CA-9090-69AE9D8E3C84}.Release|Any CPU.ActiveCfg = Release|Any CPU
		{AC56CF6D-BE2E-44CA-9090-69AE9D8E3C84}.Release|Any CPU.Build.0 = Release|Any CPU
		{3C5C8522-E982-4B47-8DE9-71726EB3B671}.Debug|Any CPU.ActiveCfg = Debug|Any CPU
		{3C5C8522-E982-4B47-8DE9-71726EB3B671}.Debug|Any CPU.Build.0 = Debug|Any CPU
		{3C5C8522-E982-4B47-8DE9-71726EB3B671}.Release|Any CPU.ActiveCfg = Release|Any CPU
		{3C5C8522-E982-4B47-8DE9-71726EB3B671}.Release|Any CPU.Build.0 = Release|Any CPU
	EndGlobalSection
	GlobalSection(SolutionProperties) = preSolution
		HideSolutionNode = FALSE
	EndGlobalSection
	GlobalSection(ExtensibilityGlobals) = postSolution
		SolutionGuid = {B8536D27-6A5A-40F6-8793-E74E60EF9BE9}
	EndGlobalSection
EndGlobal
